// !$*UTF8*$!
{
	archiveVersion = 1;
	classes = {
	};
	objectVersion = 48;
	objects = {

/* Begin PBXBuildFile section */
		B23D028E201EFA9900F1F408 /* AppDelegate.swift in Sources */ = {isa = PBXBuildFile; fileRef = B23D028D201EFA9900F1F408 /* AppDelegate.swift */; };
		B23D0290201EFA9900F1F408 /* ViewController.swift in Sources */ = {isa = PBXBuildFile; fileRef = B23D028F201EFA9900F1F408 /* ViewController.swift */; };
		B23D0293201EFA9900F1F408 /* Main.storyboard in Resources */ = {isa = PBXBuildFile; fileRef = B23D0291201EFA9900F1F408 /* Main.storyboard */; };
		B23D0295201EFA9900F1F408 /* Assets.xcassets in Resources */ = {isa = PBXBuildFile; fileRef = B23D0294201EFA9900F1F408 /* Assets.xcassets */; };
		B23D0298201EFA9900F1F408 /* LaunchScreen.storyboard in Resources */ = {isa = PBXBuildFile; fileRef = B23D0296201EFA9900F1F408 /* LaunchScreen.storyboard */; };
		B23D02A3201EFA9900F1F408 /* OpenGLES_TTUITests.swift in Sources */ = {isa = PBXBuildFile; fileRef = B23D02A2201EFA9900F1F408 /* OpenGLES_TTUITests.swift */; };
/* End PBXBuildFile section */

/* Begin PBXContainerItemProxy section */
		B23D029F201EFA9900F1F408 /* PBXContainerItemProxy */ = {
			isa = PBXContainerItemProxy;
			containerPortal = B23D0282201EFA9800F1F408 /* Project object */;
			proxyType = 1;
			remoteGlobalIDString = B23D0289201EFA9900F1F408;
			remoteInfo = OpenGLES_TT;
		};
/* End PBXContainerItemProxy section */

/* Begin PBXFileReference section */
		B23D028A201EFA9900F1F408 /* OpenGLES_TT.app */ = {isa = PBXFileReference; explicitFileType = wrapper.application; includeInIndex = 0; path = OpenGLES_TT.app; sourceTree = BUILT_PRODUCTS_DIR; };
		B23D028D201EFA9900F1F408 /* AppDelegate.swift */ = {isa = PBXFileReference; lastKnownFileType = sourcecode.swift; path = AppDelegate.swift; sourceTree = "<group>"; };
		B23D028F201EFA9900F1F408 /* ViewController.swift */ = {isa = PBXFileReference; lastKnownFileType = sourcecode.swift; path = ViewController.swift; sourceTree = "<group>"; };
		B23D0292201EFA9900F1F408 /* Base */ = {isa = PBXFileReference; lastKnownFileType = file.storyboard; name = Base; path = Base.lproj/Main.storyboard; sourceTree = "<group>"; };
		B23D0294201EFA9900F1F408 /* Assets.xcassets */ = {isa = PBXFileReference; lastKnownFileType = folder.assetcatalog; path = Assets.xcassets; sourceTree = "<group>"; };
		B23D0297201EFA9900F1F408 /* Base */ = {isa = PBXFileReference; lastKnownFileType = file.storyboard; name = Base; path = Base.lproj/LaunchScreen.storyboard; sourceTree = "<group>"; };
		B23D0299201EFA9900F1F408 /* Info.plist */ = {isa = PBXFileReference; lastKnownFileType = text.plist.xml; path = Info.plist; sourceTree = "<group>"; };
		B23D029E201EFA9900F1F408 /* OpenGLES_TTUITests.xctest */ = {isa = PBXFileReference; explicitFileType = wrapper.cfbundle; includeInIndex = 0; path = OpenGLES_TTUITests.xctest; sourceTree = BUILT_PRODUCTS_DIR; };
		B23D02A2201EFA9900F1F408 /* OpenGLES_TTUITests.swift */ = {isa = PBXFileReference; lastKnownFileType = sourcecode.swift; path = OpenGLES_TTUITests.swift; sourceTree = "<group>"; };
		B23D02A4201EFA9900F1F408 /* Info.plist */ = {isa = PBXFileReference; lastKnownFileType = text.plist.xml; path = Info.plist; sourceTree = "<group>"; };
/* End PBXFileReference section */

/* Begin PBXFrameworksBuildPhase section */
		B23D0287201EFA9900F1F408 /* Frameworks */ = {
			isa = PBXFrameworksBuildPhase;
			buildActionMask = 2147483647;
			files = (
			);
			runOnlyForDeploymentPostprocessing = 0;
		};
		B23D029B201EFA9900F1F408 /* Frameworks */ = {
			isa = PBXFrameworksBuildPhase;
			buildActionMask = 2147483647;
			files = (
			);
			runOnlyForDeploymentPostprocessing = 0;
		};
/* End PBXFrameworksBuildPhase section */

/* Begin PBXGroup section */
		B23D0281201EFA9800F1F408 = {
			isa = PBXGroup;
			children = (
				B23D028C201EFA9900F1F408 /* OpenGLES_TT */,
				B23D02A1201EFA9900F1F408 /* OpenGLES_TTUITests */,
				B23D028B201EFA9900F1F408 /* Products */,
			);
			sourceTree = "<group>";
		};
		B23D028B201EFA9900F1F408 /* Products */ = {
			isa = PBXGroup;
			children = (
				B23D028A201EFA9900F1F408 /* OpenGLES_TT.app */,
				B23D029E201EFA9900F1F408 /* OpenGLES_TTUITests.xctest */,
			);
			name = Products;
			sourceTree = "<group>";
		};
		B23D028C201EFA9900F1F408 /* OpenGLES_TT */ = {
			isa = PBXGroup;
			children = (
				B23D028D201EFA9900F1F408 /* AppDelegate.swift */,
				B23D028F201EFA9900F1F408 /* ViewController.swift */,
				B23D0291201EFA9900F1F408 /* Main.storyboard */,
				B23D0294201EFA9900F1F408 /* Assets.xcassets */,
				B23D0296201EFA9900F1F408 /* LaunchScreen.storyboard */,
				B23D0299201EFA9900F1F408 /* Info.plist */,
			);
			path = OpenGLES_TT;
			sourceTree = "<group>";
		};
		B23D02A1201EFA9900F1F408 /* OpenGLES_TTUITests */ = {
			isa = PBXGroup;
			children = (
				B23D02A2201EFA9900F1F408 /* OpenGLES_TTUITests.swift */,
				B23D02A4201EFA9900F1F408 /* Info.plist */,
			);
			path = OpenGLES_TTUITests;
			sourceTree = "<group>";
		};
/* End PBXGroup section */

/* Begin PBXNativeTarget section */
		B23D0289201EFA9900F1F408 /* OpenGLES_TT */ = {
			isa = PBXNativeTarget;
			buildConfigurationList = B23D02A7201EFA9900F1F408 /* Build configuration list for PBXNativeTarget "OpenGLES_TT" */;
			buildPhases = (
				B23D0286201EFA9900F1F408 /* Sources */,
				B23D0287201EFA9900F1F408 /* Frameworks */,
				B23D0288201EFA9900F1F408 /* Resources */,
			);
			buildRules = (
			);
			dependencies = (
			);
			name = OpenGLES_TT;
			productName = OpenGLES_TT;
			productReference = B23D028A201EFA9900F1F408 /* OpenGLES_TT.app */;
			productType = "com.apple.product-type.application";
		};
		B23D029D201EFA9900F1F408 /* OpenGLES_TTUITests */ = {
			isa = PBXNativeTarget;
			buildConfigurationList = B23D02AA201EFA9900F1F408 /* Build configuration list for PBXNativeTarget "OpenGLES_TTUITests" */;
			buildPhases = (
				B23D029A201EFA9900F1F408 /* Sources */,
				B23D029B201EFA9900F1F408 /* Frameworks */,
				B23D029C201EFA9900F1F408 /* Resources */,
			);
			buildRules = (
			);
			dependencies = (
				B23D02A0201EFA9900F1F408 /* PBXTargetDependency */,
			);
			name = OpenGLES_TTUITests;
			productName = OpenGLES_TTUITests;
			productReference = B23D029E201EFA9900F1F408 /* OpenGLES_TTUITests.xctest */;
			productType = "com.apple.product-type.bundle.ui-testing";
		};
/* End PBXNativeTarget section */

/* Begin PBXProject section */
		B23D0282201EFA9800F1F408 /* Project object */ = {
			isa = PBXProject;
			attributes = {
				LastSwiftUpdateCheck = 0920;
				LastUpgradeCheck = 0920;
				ORGANIZATIONNAME = RongCloud;
				TargetAttributes = {
					B23D0289201EFA9900F1F408 = {
						CreatedOnToolsVersion = 9.2;
						ProvisioningStyle = Automatic;
					};
					B23D029D201EFA9900F1F408 = {
						CreatedOnToolsVersion = 9.2;
						ProvisioningStyle = Automatic;
						TestTargetID = B23D0289201EFA9900F1F408;
					};
				};
			};
			buildConfigurationList = B23D0285201EFA9800F1F408 /* Build configuration list for PBXProject "OpenGLES_TT" */;
			compatibilityVersion = "Xcode 8.0";
			developmentRegion = en;
			hasScannedForEncodings = 0;
			knownRegions = (
				en,
				Base,
			);
			mainGroup = B23D0281201EFA9800F1F408;
			productRefGroup = B23D028B201EFA9900F1F408 /* Products */;
			projectDirPath = "";
			projectRoot = "";
			targets = (
				B23D0289201EFA9900F1F408 /* OpenGLES_TT */,
				B23D029D201EFA9900F1F408 /* OpenGLES_TTUITests */,
			);
		};
/* End PBXProject section */

/* Begin PBXResourcesBuildPhase section */
		B23D0288201EFA9900F1F408 /* Resources */ = {
			isa = PBXResourcesBuildPhase;
			buildActionMask = 2147483647;
			files = (
				B23D0298201EFA9900F1F408 /* LaunchScreen.storyboard in Resources */,
				B23D0295201EFA9900F1F408 /* Assets.xcassets in Resources */,
				B23D0293201EFA9900F1F408 /* Main.storyboard in Resources */,
			);
			runOnlyForDeploymentPostprocessing = 0;
		};
		B23D029C201EFA9900F1F408 /* Resources */ = {
			isa = PBXResourcesBuildPhase;
			buildActionMask = 2147483647;
			files = (
			);
			runOnlyForDeploymentPostprocessing = 0;
		};
/* End PBXResourcesBuildPhase section */

/* Begin PBXSourcesBuildPhase section */
		B23D0286201EFA9900F1F408 /* Sources */ = {
			isa = PBXSourcesBuildPhase;
			buildActionMask = 2147483647;
			files = (
				B23D0290201EFA9900F1F408 /* ViewController.swift in Sources */,
				B23D028E201EFA9900F1F408 /* AppDelegate.swift in Sources */,
			);
			runOnlyForDeploymentPostprocessing = 0;
		};
		B23D029A201EFA9900F1F408 /* Sources */ = {
			isa = PBXSourcesBuildPhase;
			buildActionMask = 2147483647;
			files = (
				B23D02A3201EFA9900F1F408 /* OpenGLES_TTUITests.swift in Sources */,
			);
			runOnlyForDeploymentPostprocessing = 0;
		};
/* End PBXSourcesBuildPhase section */

/* Begin PBXTargetDependency section */
		B23D02A0201EFA9900F1F408 /* PBXTargetDependency */ = {
			isa = PBXTargetDependency;
			target = B23D0289201EFA9900F1F408 /* OpenGLES_TT */;
			targetProxy = B23D029F201EFA9900F1F408 /* PBXContainerItemProxy */;
		};
/* End PBXTargetDependency section */

/* Begin PBXVariantGroup section */
		B23D0291201EFA9900F1F408 /* Main.storyboard */ = {
			isa = PBXVariantGroup;
			children = (
				B23D0292201EFA9900F1F408 /* Base */,
			);
			name = Main.storyboard;
			sourceTree = "<group>";
		};
		B23D0296201EFA9900F1F408 /* LaunchScreen.storyboard */ = {
			isa = PBXVariantGroup;
			children = (
				B23D0297201EFA9900F1F408 /* Base */,
			);
			name = LaunchScreen.storyboard;
			sourceTree = "<group>";
		};
/* End PBXVariantGroup section */

/* Begin XCBuildConfiguration section */
		B23D02A5201EFA9900F1F408 /* Debug */ = {
			isa = XCBuildConfiguration;
			buildSettings = {
				ALWAYS_SEARCH_USER_PATHS = NO;
				CLANG_ANALYZER_NONNULL = YES;
				CLANG_ANALYZER_NUMBER_OBJECT_CONVERSION = YES_AGGRESSIVE;
				CLANG_CXX_LANGUAGE_STANDARD = "gnu++14";
				CLANG_CXX_LIBRARY = "libc++";
				CLANG_ENABLE_MODULES = YES;
				CLANG_ENABLE_OBJC_ARC = YES;
				CLANG_WARN_BLOCK_CAPTURE_AUTORELEASING = YES;
				CLANG_WARN_BOOL_CONVERSION = YES;
				CLANG_WARN_COMMA = YES;
				CLANG_WARN_CONSTANT_CONVERSION = YES;
				CLANG_WARN_DIRECT_OBJC_ISA_USAGE = YES_ERROR;
				CLANG_WARN_DOCUMENTATION_COMMENTS = YES;
				CLANG_WARN_EMPTY_BODY = YES;
				CLANG_WARN_ENUM_CONVERSION = YES;
				CLANG_WARN_INFINITE_RECURSION = YES;
				CLANG_WARN_INT_CONVERSION = YES;
				CLANG_WARN_NON_LITERAL_NULL_CONVERSION = YES;
				CLANG_WARN_OBJC_LITERAL_CONVERSION = YES;
				CLANG_WARN_OBJC_ROOT_CLASS = YES_ERROR;
				CLANG_WARN_RANGE_LOOP_ANALYSIS = YES;
				CLANG_WARN_STRICT_PROTOTYPES = YES;
				CLANG_WARN_SUSPICIOUS_MOVE = YES;
				CLANG_WARN_UNGUARDED_AVAILABILITY = YES_AGGRESSIVE;
				CLANG_WARN_UNREACHABLE_CODE = YES;
				CLANG_WARN__DUPLICATE_METHOD_MATCH = YES;
				CODE_SIGN_IDENTITY = "iPhone Developer";
				COPY_PHASE_STRIP = NO;
				DEBUG_INFORMATION_FORMAT = dwarf;
				ENABLE_STRICT_OBJC_MSGSEND = YES;
				ENABLE_TESTABILITY = YES;
				GCC_C_LANGUAGE_STANDARD = gnu11;
				GCC_DYNAMIC_NO_PIC = NO;
				GCC_NO_COMMON_BLOCKS = YES;
				GCC_OPTIMIZATION_LEVEL = 0;
				GCC_PREPROCESSOR_DEFINITIONS = (
					"DEBUG=1",
					"$(inherited)",
				);
				GCC_WARN_64_TO_32_BIT_CONVERSION = YES;
				GCC_WARN_ABOUT_RETURN_TYPE = YES_ERROR;
				GCC_WARN_UNDECLARED_SELECTOR = YES;
				GCC_WARN_UNINITIALIZED_AUTOS = YES_AGGRESSIVE;
				GCC_WARN_UNUSED_FUNCTION = YES;
				GCC_WARN_UNUSED_VARIABLE = YES;
				IPHONEOS_DEPLOYMENT_TARGET = 11.2;
				MTL_ENABLE_DEBUG_INFO = YES;
				ONLY_ACTIVE_ARCH = YES;
				SDKROOT = iphoneos;
				SWIFT_ACTIVE_COMPILATION_CONDITIONS = DEBUG;
				SWIFT_OPTIMIZATION_LEVEL = "-Onone";
			};
			name = Debug;
		};
		B23D02A6201EFA9900F1F408 /* Release */ = {
			isa = XCBuildConfiguration;
			buildSettings = {
				ALWAYS_SEARCH_USER_PATHS = NO;
				CLANG_ANALYZER_NONNULL = YES;
				CLANG_ANALYZER_NUMBER_OBJECT_CONVERSION = YES_AGGRESSIVE;
				CLANG_CXX_LANGUAGE_STANDARD = "gnu++14";
				CLANG_CXX_LIBRARY = "libc++";
				CLANG_ENABLE_MODULES = YES;
				CLANG_ENABLE_OBJC_ARC = YES;
				CLANG_WARN_BLOCK_CAPTURE_AUTORELEASING = YES;
				CLANG_WARN_BOOL_CONVERSION = YES;
				CLANG_WARN_COMMA = YES;
				CLANG_WARN_CONSTANT_CONVERSION = YES;
				CLANG_WARN_DIRECT_OBJC_ISA_USAGE = YES_ERROR;
				CLANG_WARN_DOCUMENTATION_COMMENTS = YES;
				CLANG_WARN_EMPTY_BODY = YES;
				CLANG_WARN_ENUM_CONVERSION = YES;
				CLANG_WARN_INFINITE_RECURSION = YES;
				CLANG_WARN_INT_CONVERSION = YES;
				CLANG_WARN_NON_LITERAL_NULL_CONVERSION = YES;
				CLANG_WARN_OBJC_LITERAL_CONVERSION = YES;
				CLANG_WARN_OBJC_ROOT_CLASS = YES_ERROR;
				CLANG_WARN_RANGE_LOOP_ANALYSIS = YES;
				CLANG_WARN_STRICT_PROTOTYPES = YES;
				CLANG_WARN_SUSPICIOUS_MOVE = YES;
				CLANG_WARN_UNGUARDED_AVAILABILITY = YES_AGGRESSIVE;
				CLANG_WARN_UNREACHABLE_CODE = YES;
				CLANG_WARN__DUPLICATE_METHOD_MATCH = YES;
				CODE_SIGN_IDENTITY = "iPhone Developer";
				COPY_PHASE_STRIP = NO;
				DEBUG_INFORMATION_FORMAT = "dwarf-with-dsym";
				ENABLE_NS_ASSERTIONS = NO;
				ENABLE_STRICT_OBJC_MSGSEND = YES;
				GCC_C_LANGUAGE_STANDARD = gnu11;
				GCC_NO_COMMON_BLOCKS = YES;
				GCC_WARN_64_TO_32_BIT_CONVERSION = YES;
				GCC_WARN_ABOUT_RETURN_TYPE = YES_ERROR;
				GCC_WARN_UNDECLARED_SELECTOR = YES;
				GCC_WARN_UNINITIALIZED_AUTOS = YES_AGGRESSIVE;
				GCC_WARN_UNUSED_FUNCTION = YES;
				GCC_WARN_UNUSED_VARIABLE = YES;
				IPHONEOS_DEPLOYMENT_TARGET = 11.2;
				MTL_ENABLE_DEBUG_INFO = NO;
				SDKROOT = iphoneos;
				SWIFT_OPTIMIZATION_LEVEL = "-Owholemodule";
				VALIDATE_PRODUCT = YES;
			};
			name = Release;
		};
		B23D02A8201EFA9900F1F408 /* Debug */ = {
			isa = XCBuildConfiguration;
			buildSettings = {
				ASSETCATALOG_COMPILER_APPICON_NAME = AppIcon;
				CODE_SIGN_STYLE = Automatic;
				DEVELOPMENT_TEAM = 9CVMN4UZK4;
				INFOPLIST_FILE = OpenGLES_TT/Info.plist;
				LD_RUNPATH_SEARCH_PATHS = "$(inherited) @executable_path/Frameworks";
				PRODUCT_BUNDLE_IDENTIFIER = cn.rongcloud.rce.dev;
				PRODUCT_NAME = "$(TARGET_NAME)";
				SWIFT_VERSION = 4.0;
				TARGETED_DEVICE_FAMILY = "1,2";
			};
			name = Debug;
		};
		B23D02A9201EFA9900F1F408 /* Release */ = {
			isa = XCBuildConfiguration;
			buildSettings = {
				ASSETCATALOG_COMPILER_APPICON_NAME = AppIcon;
				CODE_SIGN_STYLE = Automatic;
				DEVELOPMENT_TEAM = 9CVMN4UZK4;
				INFOPLIST_FILE = OpenGLES_TT/Info.plist;
				LD_RUNPATH_SEARCH_PATHS = "$(inherited) @executable_path/Frameworks";
				PRODUCT_BUNDLE_IDENTIFIER = cn.rongcloud.rce.dev;
				PRODUCT_NAME = "$(TARGET_NAME)";
				SWIFT_VERSION = 4.0;
				TARGETED_DEVICE_FAMILY = "1,2";
			};
			name = Release;
		};
		B23D02AB201EFA9900F1F408 /* Debug */ = {
			isa = XCBuildConfiguration;
			buildSettings = {
				ALWAYS_EMBED_SWIFT_STANDARD_LIBRARIES = YES;
				CODE_SIGN_STYLE = Automatic;
				INFOPLIST_FILE = OpenGLES_TTUITests/Info.plist;
				LD_RUNPATH_SEARCH_PATHS = "$(inherited) @executable_path/Frameworks @loader_path/Frameworks";
				PRODUCT_BUNDLE_IDENTIFIER = "cn.rongcloud.im.OpenGLES-TTUITests";
				PRODUCT_NAME = "$(TARGET_NAME)";
				SWIFT_VERSION = 4.0;
				TARGETED_DEVICE_FAMILY = "1,2";
				TEST_TARGET_NAME = OpenGLES_TT;
			};
			name = Debug;
		};
		B23D02AC201EFA9900F1F408 /* Release */ = {
			isa = XCBuildConfiguration;
			buildSettings = {
				ALWAYS_EMBED_SWIFT_STANDARD_LIBRARIES = YES;
				CODE_SIGN_STYLE = Automatic;
				INFOPLIST_FILE = OpenGLES_TTUITests/Info.plist;
				LD_RUNPATH_SEARCH_PATHS = "$(inherited) @executable_path/Frameworks @loader_path/Frameworks";
				PRODUCT_BUNDLE_IDENTIFIER = "cn.rongcloud.im.OpenGLES-TTUITests";
				PRODUCT_NAME = "$(TARGET_NAME)";
				SWIFT_VERSION = 4.0;
				TARGETED_DEVICE_FAMILY = "1,2";
				TEST_TARGET_NAME = OpenGLES_TT;
			};
			name = Release;
		};
/* End XCBuildConfiguration section */

/* Begin XCConfigurationList section */
		B23D0285201EFA9800F1F408 /* Build configuration list for PBXProject "OpenGLES_TT" */ = {
			isa = XCConfigurationList;
			buildConfigurations = (
				B23D02A5201EFA9900F1F408 /* Debug */,
				B23D02A6201EFA9900F1F408 /* Release */,
			);
			defaultConfigurationIsVisible = 0;
			defaultConfigurationName = Release;
		};
		B23D02A7201EFA9900F1F408 /* Build configuration list for PBXNativeTarget "OpenGLES_TT" */ = {
			isa = XCConfigurationList;
			buildConfigurations = (
				B23D02A8201EFA9900F1F408 /* Debug */,
				B23D02A9201EFA9900F1F408 /* Release */,
			);
			defaultConfigurationIsVisible = 0;
			defaultConfigurationName = Release;
		};
		B23D02AA201EFA9900F1F408 /* Build configuration list for PBXNativeTarget "OpenGLES_TTUITests" */ = {
			isa = XCConfigurationList;
			buildConfigurations = (
				B23D02AB201EFA9900F1F408 /* Debug */,
				B23D02AC201EFA9900F1F408 /* Release */,
			);
			defaultConfigurationIsVisible = 0;
			defaultConfigurationName = Release;
		};
/* End XCConfigurationList section */
	};
	rootObject = B23D0282201EFA9800F1F408 /* Project object */;
}
