// !$*UTF8*$!
{
	archiveVersion = 1;
	classes = {
	};
	objectVersion = 46;
	objects = {

/* Begin PBXBuildFile section */
		74E3DCAD207FB16900003C59 /* SortUnitTest.swift in Sources */ = {isa = PBXBuildFile; fileRef = 74E3DCAC207FB16900003C59 /* SortUnitTest.swift */; };
		74E3DCB22086261400003C59 /* SortAlgorigthm.swift in Sources */ = {isa = PBXBuildFile; fileRef = DB23E7E71E55A40B00B476E5 /* SortAlgorigthm.swift */; };
		B28EED412016392E009A6DA7 /* UnionFind.swift in Sources */ = {isa = PBXBuildFile; fileRef = B28EED402016392E009A6DA7 /* UnionFind.swift */; };
		DB23E7E11E55A00F00B476E5 /* main.swift in Sources */ = {isa = PBXBuildFile; fileRef = DB23E7E01E55A00F00B476E5 /* main.swift */; };
		DB23E7E81E55A40B00B476E5 /* SortAlgorigthm.swift in Sources */ = {isa = PBXBuildFile; fileRef = DB23E7E71E55A40B00B476E5 /* SortAlgorigthm.swift */; };
		DB23E7EA1E55ABD500B476E5 /* SortTestHelper.swift in Sources */ = {isa = PBXBuildFile; fileRef = DB23E7E91E55ABD500B476E5 /* SortTestHelper.swift */; };
		DB40E8591E63CEEE00FDE8E1 /* Stack.swift in Sources */ = {isa = PBXBuildFile; fileRef = DB40E8581E63CEEE00FDE8E1 /* Stack.swift */; };
		DB40E85B1E63D18200FDE8E1 /* ExpressionParser.swift in Sources */ = {isa = PBXBuildFile; fileRef = DB40E85A1E63D18200FDE8E1 /* ExpressionParser.swift */; };
/* End PBXBuildFile section */

/* Begin PBXCopyFilesBuildPhase section */
		DB23E7DB1E55A00F00B476E5 /* CopyFiles */ = {
			isa = PBXCopyFilesBuildPhase;
			buildActionMask = 2147483647;
			dstPath = /usr/share/man/man1/;
			dstSubfolderSpec = 0;
			files = (
			);
			runOnlyForDeploymentPostprocessing = 1;
		};
/* End PBXCopyFilesBuildPhase section */

/* Begin PBXFileReference section */
		74E3DCAA207FB16900003C59 /* UnitTest.xctest */ = {isa = PBXFileReference; explicitFileType = wrapper.cfbundle; includeInIndex = 0; path = UnitTest.xctest; sourceTree = BUILT_PRODUCTS_DIR; };
		74E3DCAC207FB16900003C59 /* SortUnitTest.swift */ = {isa = PBXFileReference; lastKnownFileType = sourcecode.swift; path = SortUnitTest.swift; sourceTree = "<group>"; };
		74E3DCAE207FB16900003C59 /* Info.plist */ = {isa = PBXFileReference; lastKnownFileType = text.plist.xml; path = Info.plist; sourceTree = "<group>"; };
		B28EED402016392E009A6DA7 /* UnionFind.swift */ = {isa = PBXFileReference; lastKnownFileType = sourcecode.swift; path = UnionFind.swift; sourceTree = "<group>"; };
		DB23E7DD1E55A00F00B476E5 /* Algorithm */ = {isa = PBXFileReference; explicitFileType = "compiled.mach-o.executable"; includeInIndex = 0; path = Algorithm; sourceTree = BUILT_PRODUCTS_DIR; };
		DB23E7E01E55A00F00B476E5 /* main.swift */ = {isa = PBXFileReference; lastKnownFileType = sourcecode.swift; path = main.swift; sourceTree = "<group>"; };
		DB23E7E71E55A40B00B476E5 /* SortAlgorigthm.swift */ = {isa = PBXFileReference; fileEncoding = 4; lastKnownFileType = sourcecode.swift; path = SortAlgorigthm.swift; sourceTree = "<group>"; };
		DB23E7E91E55ABD500B476E5 /* SortTestHelper.swift */ = {isa = PBXFileReference; fileEncoding = 4; lastKnownFileType = sourcecode.swift; path = SortTestHelper.swift; sourceTree = "<group>"; };
		DB40E8581E63CEEE00FDE8E1 /* Stack.swift */ = {isa = PBXFileReference; fileEncoding = 4; lastKnownFileType = sourcecode.swift; path = Stack.swift; sourceTree = "<group>"; };
		DB40E85A1E63D18200FDE8E1 /* ExpressionParser.swift */ = {isa = PBXFileReference; fileEncoding = 4; lastKnownFileType = sourcecode.swift; path = ExpressionParser.swift; sourceTree = "<group>"; };
/* End PBXFileReference section */

/* Begin PBXFrameworksBuildPhase section */
		74E3DCA7207FB16900003C59 /* Frameworks */ = {
			isa = PBXFrameworksBuildPhase;
			buildActionMask = 2147483647;
			files = (
			);
			runOnlyForDeploymentPostprocessing = 0;
		};
		DB23E7DA1E55A00F00B476E5 /* Frameworks */ = {
			isa = PBXFrameworksBuildPhase;
			buildActionMask = 2147483647;
			files = (
			);
			runOnlyForDeploymentPostprocessing = 0;
		};
/* End PBXFrameworksBuildPhase section */

/* Begin PBXGroup section */
		74E3DCAB207FB16900003C59 /* UnitTest */ = {
			isa = PBXGroup;
			children = (
				74E3DCAC207FB16900003C59 /* SortUnitTest.swift */,
				74E3DCAE207FB16900003C59 /* Info.plist */,
			);
			path = UnitTest;
			sourceTree = "<group>";
		};
		DB23E7D41E55A00F00B476E5 = {
			isa = PBXGroup;
			children = (
				DB23E7DF1E55A00F00B476E5 /* Algorithm */,
				74E3DCAB207FB16900003C59 /* UnitTest */,
				DB23E7DE1E55A00F00B476E5 /* Products */,
			);
			sourceTree = "<group>";
		};
		DB23E7DE1E55A00F00B476E5 /* Products */ = {
			isa = PBXGroup;
			children = (
				DB23E7DD1E55A00F00B476E5 /* Algorithm */,
				74E3DCAA207FB16900003C59 /* UnitTest.xctest */,
			);
			name = Products;
			sourceTree = "<group>";
		};
		DB23E7DF1E55A00F00B476E5 /* Algorithm */ = {
			isa = PBXGroup;
			children = (
				DB23E7E01E55A00F00B476E5 /* main.swift */,
				DB23E7E91E55ABD500B476E5 /* SortTestHelper.swift */,
				DB23E7E71E55A40B00B476E5 /* SortAlgorigthm.swift */,
				B28EED402016392E009A6DA7 /* UnionFind.swift */,
				DB40E8581E63CEEE00FDE8E1 /* Stack.swift */,
				DB40E85A1E63D18200FDE8E1 /* ExpressionParser.swift */,
			);
			path = Algorithm;
			sourceTree = "<group>";
		};
/* End PBXGroup section */

/* Begin PBXNativeTarget section */
		74E3DCA9207FB16900003C59 /* UnitTest */ = {
			isa = PBXNativeTarget;
			buildConfigurationList = 74E3DCAF207FB16900003C59 /* Build configuration list for PBXNativeTarget "UnitTest" */;
			buildPhases = (
				74E3DCA6207FB16900003C59 /* Sources */,
				74E3DCA7207FB16900003C59 /* Frameworks */,
				74E3DCA8207FB16900003C59 /* Resources */,
			);
			buildRules = (
			);
			dependencies = (
			);
			name = UnitTest;
			productName = UnitTest;
			productReference = 74E3DCAA207FB16900003C59 /* UnitTest.xctest */;
			productType = "com.apple.product-type.bundle.unit-test";
		};
		DB23E7DC1E55A00F00B476E5 /* Algorithm */ = {
			isa = PBXNativeTarget;
			buildConfigurationList = DB23E7E41E55A00F00B476E5 /* Build configuration list for PBXNativeTarget "Algorithm" */;
			buildPhases = (
				DB23E7D91E55A00F00B476E5 /* Sources */,
				DB23E7DA1E55A00F00B476E5 /* Frameworks */,
				DB23E7DB1E55A00F00B476E5 /* CopyFiles */,
			);
			buildRules = (
			);
			dependencies = (
			);
			name = Algorithm;
			productName = Algorithm;
			productReference = DB23E7DD1E55A00F00B476E5 /* Algorithm */;
			productType = "com.apple.product-type.tool";
		};
/* End PBXNativeTarget section */

/* Begin PBXProject section */
		DB23E7D51E55A00F00B476E5 /* Project object */ = {
			isa = PBXProject;
			attributes = {
				LastSwiftUpdateCheck = 0930;
				LastUpgradeCheck = 0930;
				ORGANIZATIONNAME = com.Tech;
				TargetAttributes = {
					74E3DCA9207FB16900003C59 = {
						CreatedOnToolsVersion = 9.3;
						ProvisioningStyle = Automatic;
					};
					DB23E7DC1E55A00F00B476E5 = {
						CreatedOnToolsVersion = 8.2.1;
						LastSwiftMigration = 0920;
						ProvisioningStyle = Automatic;
					};
				};
			};
			buildConfigurationList = DB23E7D81E55A00F00B476E5 /* Build configuration list for PBXProject "Algorithm" */;
			compatibilityVersion = "Xcode 3.2";
			developmentRegion = English;
			hasScannedForEncodings = 0;
			knownRegions = (
				en,
			);
			mainGroup = DB23E7D41E55A00F00B476E5;
			productRefGroup = DB23E7DE1E55A00F00B476E5 /* Products */;
			projectDirPath = "";
			projectRoot = "";
			targets = (
				DB23E7DC1E55A00F00B476E5 /* Algorithm */,
				74E3DCA9207FB16900003C59 /* UnitTest */,
			);
		};
/* End PBXProject section */

/* Begin PBXResourcesBuildPhase section */
		74E3DCA8207FB16900003C59 /* Resources */ = {
			isa = PBXResourcesBuildPhase;
			buildActionMask = 2147483647;
			files = (
			);
			runOnlyForDeploymentPostprocessing = 0;
		};
/* End PBXResourcesBuildPhase section */

/* Begin PBXSourcesBuildPhase section */
		74E3DCA6207FB16900003C59 /* Sources */ = {
			isa = PBXSourcesBuildPhase;
			buildActionMask = 2147483647;
			files = (
				74E3DCB22086261400003C59 /* SortAlgorigthm.swift in Sources */,
				74E3DCAD207FB16900003C59 /* SortUnitTest.swift in Sources */,
			);
			runOnlyForDeploymentPostprocessing = 0;
		};
		DB23E7D91E55A00F00B476E5 /* Sources */ = {
			isa = PBXSourcesBuildPhase;
			buildActionMask = 2147483647;
			files = (
				DB40E85B1E63D18200FDE8E1 /* ExpressionParser.swift in Sources */,
				DB40E8591E63CEEE00FDE8E1 /* Stack.swift in Sources */,
				DB23E7E11E55A00F00B476E5 /* main.swift in Sources */,
				DB23E7EA1E55ABD500B476E5 /* SortTestHelper.swift in Sources */,
				B28EED412016392E009A6DA7 /* UnionFind.swift in Sources */,
				DB23E7E81E55A40B00B476E5 /* SortAlgorigthm.swift in Sources */,
			);
			runOnlyForDeploymentPostprocessing = 0;
		};
/* End PBXSourcesBuildPhase section */

/* Begin XCBuildConfiguration section */
		74E3DCB0207FB16900003C59 /* Debug */ = {
			isa = XCBuildConfiguration;
			buildSettings = {
				CLANG_ANALYZER_NUMBER_OBJECT_CONVERSION = YES_AGGRESSIVE;
				CLANG_CXX_LANGUAGE_STANDARD = "gnu++14";
				CLANG_ENABLE_OBJC_WEAK = YES;
				CLANG_WARN_DEPRECATED_OBJC_IMPLEMENTATIONS = YES;
				CLANG_WARN_OBJC_IMPLICIT_RETAIN_SELF = YES;
				CLANG_WARN_UNGUARDED_AVAILABILITY = YES_AGGRESSIVE;
				CODE_SIGN_STYLE = Automatic;
				COMBINE_HIDPI_IMAGES = YES;
				GCC_C_LANGUAGE_STANDARD = gnu11;
				INFOPLIST_FILE = UnitTest/Info.plist;
				LD_RUNPATH_SEARCH_PATHS = "$(inherited) @executable_path/../Frameworks @loader_path/../Frameworks";
				MACOSX_DEPLOYMENT_TARGET = 10.13;
				PRODUCT_BUNDLE_IDENTIFIER = RongCloud.tech.UnitTest;
				PRODUCT_NAME = "$(TARGET_NAME)";
				SWIFT_ACTIVE_COMPILATION_CONDITIONS = DEBUG;
				SWIFT_VERSION = 4.0;
			};
			name = Debug;
		};
		74E3DCB1207FB16900003C59 /* Release */ = {
			isa = XCBuildConfiguration;
			buildSettings = {
				CLANG_ANALYZER_NUMBER_OBJECT_CONVERSION = YES_AGGRESSIVE;
				CLANG_CXX_LANGUAGE_STANDARD = "gnu++14";
				CLANG_ENABLE_OBJC_WEAK = YES;
				CLANG_WARN_DEPRECATED_OBJC_IMPLEMENTATIONS = YES;
				CLANG_WARN_OBJC_IMPLICIT_RETAIN_SELF = YES;
				CLANG_WARN_UNGUARDED_AVAILABILITY = YES_AGGRESSIVE;
				CODE_SIGN_STYLE = Automatic;
				COMBINE_HIDPI_IMAGES = YES;
				GCC_C_LANGUAGE_STANDARD = gnu11;
				INFOPLIST_FILE = UnitTest/Info.plist;
				LD_RUNPATH_SEARCH_PATHS = "$(inherited) @executable_path/../Frameworks @loader_path/../Frameworks";
				MACOSX_DEPLOYMENT_TARGET = 10.13;
				PRODUCT_BUNDLE_IDENTIFIER = RongCloud.tech.UnitTest;
				PRODUCT_NAME = "$(TARGET_NAME)";
				SWIFT_VERSION = 4.0;
			};
			name = Release;
		};
		DB23E7E21E55A00F00B476E5 /* Debug */ = {
			isa = XCBuildConfiguration;
			buildSettings = {
				ALWAYS_SEARCH_USER_PATHS = NO;
				CLANG_ANALYZER_NONNULL = YES;
				CLANG_CXX_LANGUAGE_STANDARD = "gnu++0x";
				CLANG_CXX_LIBRARY = "libc++";
				CLANG_ENABLE_MODULES = YES;
				CLANG_ENABLE_OBJC_ARC = YES;
				CLANG_WARN_BLOCK_CAPTURE_AUTORELEASING = YES;
				CLANG_WARN_BOOL_CONVERSION = YES;
				CLANG_WARN_COMMA = YES;
				CLANG_WARN_CONSTANT_CONVERSION = YES;
				CLANG_WARN_DEPRECATED_OBJC_IMPLEMENTATIONS = YES;
				CLANG_WARN_DIRECT_OBJC_ISA_USAGE = YES_ERROR;
				CLANG_WARN_DOCUMENTATION_COMMENTS = YES;
				CLANG_WARN_EMPTY_BODY = YES;
				CLANG_WARN_ENUM_CONVERSION = YES;
				CLANG_WARN_INFINITE_RECURSION = YES;
				CLANG_WARN_INT_CONVERSION = YES;
				CLANG_WARN_NON_LITERAL_NULL_CONVERSION = YES;
				CLANG_WARN_OBJC_IMPLICIT_RETAIN_SELF = YES;
				CLANG_WARN_OBJC_LITERAL_CONVERSION = YES;
				CLANG_WARN_OBJC_ROOT_CLASS = YES_ERROR;
				CLANG_WARN_RANGE_LOOP_ANALYSIS = YES;
				CLANG_WARN_STRICT_PROTOTYPES = YES;
				CLANG_WARN_SUSPICIOUS_MOVE = YES;
				CLANG_WARN_UNREACHABLE_CODE = YES;
				CLANG_WARN__DUPLICATE_METHOD_MATCH = YES;
				CODE_SIGN_IDENTITY = "-";
				COPY_PHASE_STRIP = NO;
				DEBUG_INFORMATION_FORMAT = dwarf;
				ENABLE_STRICT_OBJC_MSGSEND = YES;
				ENABLE_TESTABILITY = YES;
				GCC_C_LANGUAGE_STANDARD = gnu99;
				GCC_DYNAMIC_NO_PIC = NO;
				GCC_NO_COMMON_BLOCKS = YES;
				GCC_OPTIMIZATION_LEVEL = 0;
				GCC_PREPROCESSOR_DEFINITIONS = (
					"DEBUG=1",
					"$(inherited)",
				);
				GCC_WARN_64_TO_32_BIT_CONVERSION = YES;
				GCC_WARN_ABOUT_RETURN_TYPE = YES_ERROR;
				GCC_WARN_UNDECLARED_SELECTOR = YES;
				GCC_WARN_UNINITIALIZED_AUTOS = YES_AGGRESSIVE;
				GCC_WARN_UNUSED_FUNCTION = YES;
				GCC_WARN_UNUSED_VARIABLE = YES;
				MACOSX_DEPLOYMENT_TARGET = 10.11;
				MTL_ENABLE_DEBUG_INFO = YES;
				ONLY_ACTIVE_ARCH = YES;
				SDKROOT = macosx;
				SWIFT_OPTIMIZATION_LEVEL = "-Onone";
			};
			name = Debug;
		};
		DB23E7E31E55A00F00B476E5 /* Release */ = {
			isa = XCBuildConfiguration;
			buildSettings = {
				ALWAYS_SEARCH_USER_PATHS = NO;
				CLANG_ANALYZER_NONNULL = YES;
				CLANG_CXX_LANGUAGE_STANDARD = "gnu++0x";
				CLANG_CXX_LIBRARY = "libc++";
				CLANG_ENABLE_MODULES = YES;
				CLANG_ENABLE_OBJC_ARC = YES;
				CLANG_WARN_BLOCK_CAPTURE_AUTORELEASING = YES;
				CLANG_WARN_BOOL_CONVERSION = YES;
				CLANG_WARN_COMMA = YES;
				CLANG_WARN_CONSTANT_CONVERSION = YES;
				CLANG_WARN_DEPRECATED_OBJC_IMPLEMENTATIONS = YES;
				CLANG_WARN_DIRECT_OBJC_ISA_USAGE = YES_ERROR;
				CLANG_WARN_DOCUMENTATION_COMMENTS = YES;
				CLANG_WARN_EMPTY_BODY = YES;
				CLANG_WARN_ENUM_CONVERSION = YES;
				CLANG_WARN_INFINITE_RECURSION = YES;
				CLANG_WARN_INT_CONVERSION = YES;
				CLANG_WARN_NON_LITERAL_NULL_CONVERSION = YES;
				CLANG_WARN_OBJC_IMPLICIT_RETAIN_SELF = YES;
				CLANG_WARN_OBJC_LITERAL_CONVERSION = YES;
				CLANG_WARN_OBJC_ROOT_CLASS = YES_ERROR;
				CLANG_WARN_RANGE_LOOP_ANALYSIS = YES;
				CLANG_WARN_STRICT_PROTOTYPES = YES;
				CLANG_WARN_SUSPICIOUS_MOVE = YES;
				CLANG_WARN_UNREACHABLE_CODE = YES;
				CLANG_WARN__DUPLICATE_METHOD_MATCH = YES;
				CODE_SIGN_IDENTITY = "-";
				COPY_PHASE_STRIP = NO;
				DEBUG_INFORMATION_FORMAT = "dwarf-with-dsym";
				ENABLE_NS_ASSERTIONS = NO;
				ENABLE_STRICT_OBJC_MSGSEND = YES;
				GCC_C_LANGUAGE_STANDARD = gnu99;
				GCC_NO_COMMON_BLOCKS = YES;
				GCC_WARN_64_TO_32_BIT_CONVERSION = YES;
				GCC_WARN_ABOUT_RETURN_TYPE = YES_ERROR;
				GCC_WARN_UNDECLARED_SELECTOR = YES;
				GCC_WARN_UNINITIALIZED_AUTOS = YES_AGGRESSIVE;
				GCC_WARN_UNUSED_FUNCTION = YES;
				GCC_WARN_UNUSED_VARIABLE = YES;
				MACOSX_DEPLOYMENT_TARGET = 10.11;
				MTL_ENABLE_DEBUG_INFO = NO;
				SDKROOT = macosx;
				SWIFT_OPTIMIZATION_LEVEL = "-Owholemodule";
			};
			name = Release;
		};
		DB23E7E51E55A00F00B476E5 /* Debug */ = {
			isa = XCBuildConfiguration;
			buildSettings = {
				GCC_OPTIMIZATION_LEVEL = 0;
				PRODUCT_NAME = "$(TARGET_NAME)";
				SWIFT_OPTIMIZATION_LEVEL = "-Onone";
				SWIFT_SWIFT3_OBJC_INFERENCE = Default;
				SWIFT_VERSION = 4.0;
			};
			name = Debug;
		};
		DB23E7E61E55A00F00B476E5 /* Release */ = {
			isa = XCBuildConfiguration;
			buildSettings = {
				PRODUCT_NAME = "$(TARGET_NAME)";
				SWIFT_OPTIMIZATION_LEVEL = "-Owholemodule";
				SWIFT_SWIFT3_OBJC_INFERENCE = Default;
				SWIFT_VERSION = 4.0;
			};
			name = Release;
		};
/* End XCBuildConfiguration section */

/* Begin XCConfigurationList section */
		74E3DCAF207FB16900003C59 /* Build configuration list for PBXNativeTarget "UnitTest" */ = {
			isa = XCConfigurationList;
			buildConfigurations = (
				74E3DCB0207FB16900003C59 /* Debug */,
				74E3DCB1207FB16900003C59 /* Release */,
			);
			defaultConfigurationIsVisible = 0;
			defaultConfigurationName = Release;
		};
		DB23E7D81E55A00F00B476E5 /* Build configuration list for PBXProject "Algorithm" */ = {
			isa = XCConfigurationList;
			buildConfigurations = (
				DB23E7E21E55A00F00B476E5 /* Debug */,
				DB23E7E31E55A00F00B476E5 /* Release */,
			);
			defaultConfigurationIsVisible = 0;
			defaultConfigurationName = Release;
		};
		DB23E7E41E55A00F00B476E5 /* Build configuration list for PBXNativeTarget "Algorithm" */ = {
			isa = XCConfigurationList;
			buildConfigurations = (
				DB23E7E51E55A00F00B476E5 /* Debug */,
				DB23E7E61E55A00F00B476E5 /* Release */,
			);
			defaultConfigurationIsVisible = 0;
			defaultConfigurationName = Release;
		};
/* End XCConfigurationList section */
	};
	rootObject = DB23E7D51E55A00F00B476E5 /* Project object */;
}
